{
    ["linux|x86_64"] = {
        ["nlohmann_json#31fecfc4"] = {
            repo = {
                branch = "master",
                commit = "a4909cd49c82cc3d2c10ca60f701eacfe48f76cc",
                url = "https://github.com/xmake-io/xmake-repo.git"
            },
            version = "v3.10.0"
        }
    },
    __meta__ = {
        version = "1.0"
    }
}